# This file is automatically @generated by Cargo.
# It is not intended for manual editing.
version = 3

[[package]]
name = "byte_reader"
version = "3.1.1"
source = "registry+https://github.com/rust-lang/crates.io-index"
checksum = "3aad623c0c9416ec94524edd23af3f3e2fd16d1ec7d41c940084c05f77e35c96"

[[package]]
name = "rustskillgraph"
version = "0.1.0"
dependencies = [
 "byte_reader",
]
